// !$*UTF8*$!
{
	archiveVersion = 1;
	classes = {
	};
	objectVersion = 46;
	objects = {

/* Begin PBXBuildFile section */
		85946C1E1BE757790097A3F9 /* main.m in Sources */ = {isa = PBXBuildFile; fileRef = 85946C1D1BE757790097A3F9 /* main.m */; };
		85946C211BE757790097A3F9 /* AppDelegate.m in Sources */ = {isa = PBXBuildFile; fileRef = 85946C201BE757790097A3F9 /* AppDelegate.m */; };
		85946C241BE757790097A3F9 /* ViewController.m in Sources */ = {isa = PBXBuildFile; fileRef = 85946C231BE757790097A3F9 /* ViewController.m */; };
		85946C271BE757790097A3F9 /* Main.storyboard in Resources */ = {isa = PBXBuildFile; fileRef = 85946C251BE757790097A3F9 /* Main.storyboard */; };
		85946C291BE757790097A3F9 /* Assets.xcassets in Resources */ = {isa = PBXBuildFile; fileRef = 85946C281BE757790097A3F9 /* Assets.xcassets */; };
		85946C2C1BE757790097A3F9 /* LaunchScreen.storyboard in Resources */ = {isa = PBXBuildFile; fileRef = 85946C2A1BE757790097A3F9 /* LaunchScreen.storyboard */; };
		85946C371BE757790097A3F9 /* sdfTests.m in Sources */ = {isa = PBXBuildFile; fileRef = 85946C361BE757790097A3F9 /* sdfTests.m */; };
		85946C421BE7577A0097A3F9 /* sdfUITests.m in Sources */ = {isa = PBXBuildFile; fileRef = 85946C411BE7577A0097A3F9 /* sdfUITests.m */; };
/* End PBXBuildFile section */

/* Begin PBXContainerItemProxy section */
		85946C331BE757790097A3F9 /* PBXContainerItemProxy */ = {
			isa = PBXContainerItemProxy;
			containerPortal = 85946C111BE757790097A3F9 /* Project object */;
			proxyType = 1;
			remoteGlobalIDString = 85946C181BE757790097A3F9;
			remoteInfo = sdf;
		};
		85946C3E1BE757790097A3F9 /* PBXContainerItemProxy */ = {
			isa = PBXContainerItemProxy;
			containerPortal = 85946C111BE757790097A3F9 /* Project object */;
			proxyType = 1;
			remoteGlobalIDString = 85946C181BE757790097A3F9;
			remoteInfo = sdf;
		};
/* End PBXContainerItemProxy section */

/* Begin PBXFileReference section */
		85946C191BE757790097A3F9 /* sdf.app */ = {isa = PBXFileReference; explicitFileType = wrapper.application; includeInIndex = 0; path = sdf.app; sourceTree = BUILT_PRODUCTS_DIR; };
		85946C1D1BE757790097A3F9 /* main.m */ = {isa = PBXFileReference; lastKnownFileType = sourcecode.c.objc; path = main.m; sourceTree = "<group>"; };
		85946C1F1BE757790097A3F9 /* AppDelegate.h */ = {isa = PBXFileReference; lastKnownFileType = sourcecode.c.h; path = AppDelegate.h; sourceTree = "<group>"; };
		85946C201BE757790097A3F9 /* AppDelegate.m */ = {isa = PBXFileReference; lastKnownFileType = sourcecode.c.objc; path = AppDelegate.m; sourceTree = "<group>"; };
		85946C221BE757790097A3F9 /* ViewController.h */ = {isa = PBXFileReference; lastKnownFileType = sourcecode.c.h; path = ViewController.h; sourceTree = "<group>"; };
		85946C231BE757790097A3F9 /* ViewController.m */ = {isa = PBXFileReference; lastKnownFileType = sourcecode.c.objc; path = ViewController.m; sourceTree = "<group>"; };
		85946C261BE757790097A3F9 /* Base */ = {isa = PBXFileReference; lastKnownFileType = file.storyboard; name = Base; path = Base.lproj/Main.storyboard; sourceTree = "<group>"; };
		85946C281BE757790097A3F9 /* Assets.xcassets */ = {isa = PBXFileReference; lastKnownFileType = folder.assetcatalog; path = Assets.xcassets; sourceTree = "<group>"; };
		85946C2B1BE757790097A3F9 /* Base */ = {isa = PBXFileReference; lastKnownFileType = file.storyboard; name = Base; path = Base.lproj/LaunchScreen.storyboard; sourceTree = "<group>"; };
		85946C2D1BE757790097A3F9 /* Info.plist */ = {isa = PBXFileReference; lastKnownFileType = text.plist.xml; path = Info.plist; sourceTree = "<group>"; };
		85946C321BE757790097A3F9 /* sdfTests.xctest */ = {isa = PBXFileReference; explicitFileType = wrapper.cfbundle; includeInIndex = 0; path = sdfTests.xctest; sourceTree = BUILT_PRODUCTS_DIR; };
		85946C361BE757790097A3F9 /* sdfTests.m */ = {isa = PBXFileReference; lastKnownFileType = sourcecode.c.objc; path = sdfTests.m; sourceTree = "<group>"; };
		85946C381BE757790097A3F9 /* Info.plist */ = {isa = PBXFileReference; lastKnownFileType = text.plist.xml; path = Info.plist; sourceTree = "<group>"; };
		85946C3D1BE757790097A3F9 /* sdfUITests.xctest */ = {isa = PBXFileReference; explicitFileType = wrapper.cfbundle; includeInIndex = 0; path = sdfUITests.xctest; sourceTree = BUILT_PRODUCTS_DIR; };
		85946C411BE7577A0097A3F9 /* sdfUITests.m */ = {isa = PBXFileReference; lastKnownFileType = sourcecode.c.objc; path = sdfUITests.m; sourceTree = "<group>"; };
		85946C431BE7577A0097A3F9 /* Info.plist */ = {isa = PBXFileReference; lastKnownFileType = text.plist.xml; path = Info.plist; sourceTree = "<group>"; };
/* End PBXFileReference section */

/* Begin PBXFrameworksBuildPhase section */
		85946C161BE757790097A3F9 /* Frameworks */ = {
			isa = PBXFrameworksBuildPhase;
			buildActionMask = 2147483647;
			files = (
			);
			runOnlyForDeploymentPostprocessing = 0;
		};
		85946C2F1BE757790097A3F9 /* Frameworks */ = {
			isa = PBXFrameworksBuildPhase;
			buildActionMask = 2147483647;
			files = (
			);
			runOnlyForDeploymentPostprocessing = 0;
		};
		85946C3A1BE757790097A3F9 /* Frameworks */ = {
			isa = PBXFrameworksBuildPhase;
			buildActionMask = 2147483647;
			files = (
			);
			runOnlyForDeploymentPostprocessing = 0;
		};
/* End PBXFrameworksBuildPhase section */

/* Begin PBXGroup section */
		85946C101BE757790097A3F9 = {
			isa = PBXGroup;
			children = (
				85946C1B1BE757790097A3F9 /* sdf */,
				85946C351BE757790097A3F9 /* sdfTests */,
				85946C401BE7577A0097A3F9 /* sdfUITests */,
				85946C1A1BE757790097A3F9 /* Products */,
			);
			sourceTree = "<group>";
		};
		85946C1A1BE757790097A3F9 /* Products */ = {
			isa = PBXGroup;
			children = (
				85946C191BE757790097A3F9 /* sdf.app */,
				85946C321BE757790097A3F9 /* sdfTests.xctest */,
				85946C3D1BE757790097A3F9 /* sdfUITests.xctest */,
			);
			name = Products;
			sourceTree = "<group>";
		};
		85946C1B1BE757790097A3F9 /* sdf */ = {
			isa = PBXGroup;
			children = (
				85946C1F1BE757790097A3F9 /* AppDelegate.h */,
				85946C201BE757790097A3F9 /* AppDelegate.m */,
				85946C221BE757790097A3F9 /* ViewController.h */,
				85946C231BE757790097A3F9 /* ViewController.m */,
				85946C251BE757790097A3F9 /* Main.storyboard */,
				85946C281BE757790097A3F9 /* Assets.xcassets */,
				85946C2A1BE757790097A3F9 /* LaunchScreen.storyboard */,
				85946C2D1BE757790097A3F9 /* Info.plist */,
				85946C1C1BE757790097A3F9 /* Supporting Files */,
			);
			path = sdf;
			sourceTree = "<group>";
		};
		85946C1C1BE757790097A3F9 /* Supporting Files */ = {
			isa = PBXGroup;
			children = (
				85946C1D1BE757790097A3F9 /* main.m */,
			);
			name = "Supporting Files";
			sourceTree = "<group>";
		};
		85946C351BE757790097A3F9 /* sdfTests */ = {
			isa = PBXGroup;
			children = (
				85946C361BE757790097A3F9 /* sdfTests.m */,
				85946C381BE757790097A3F9 /* Info.plist */,
			);
			path = sdfTests;
			sourceTree = "<group>";
		};
		85946C401BE7577A0097A3F9 /* sdfUITests */ = {
			isa = PBXGroup;
			children = (
				85946C411BE7577A0097A3F9 /* sdfUITests.m */,
				85946C431BE7577A0097A3F9 /* Info.plist */,
			);
			path = sdfUITests;
			sourceTree = "<group>";
		};
/* End PBXGroup section */

/* Begin PBXNativeTarget section */
		85946C181BE757790097A3F9 /* sdf */ = {
			isa = PBXNativeTarget;
			buildConfigurationList = 85946C461BE7577A0097A3F9 /* Build configuration list for PBXNativeTarget "sdf" */;
			buildPhases = (
				85946C151BE757790097A3F9 /* Sources */,
				85946C161BE757790097A3F9 /* Frameworks */,
				85946C171BE757790097A3F9 /* Resources */,
			);
			buildRules = (
			);
			dependencies = (
			);
			name = sdf;
			productName = sdf;
			productReference = 85946C191BE757790097A3F9 /* sdf.app */;
			productType = "com.apple.product-type.application";
		};
		85946C311BE757790097A3F9 /* sdfTests */ = {
			isa = PBXNativeTarget;
			buildConfigurationList = 85946C491BE7577A0097A3F9 /* Build configuration list for PBXNativeTarget "sdfTests" */;
			buildPhases = (
				85946C2E1BE757790097A3F9 /* Sources */,
				85946C2F1BE757790097A3F9 /* Frameworks */,
				85946C301BE757790097A3F9 /* Resources */,
			);
			buildRules = (
			);
			dependencies = (
				85946C341BE757790097A3F9 /* PBXTargetDependency */,
			);
			name = sdfTests;
			productName = sdfTests;
			productReference = 85946C321BE757790097A3F9 /* sdfTests.xctest */;
			productType = "com.apple.product-type.bundle.unit-test";
		};
		85946C3C1BE757790097A3F9 /* sdfUITests */ = {
			isa = PBXNativeTarget;
			buildConfigurationList = 85946C4C1BE7577A0097A3F9 /* Build configuration list for PBXNativeTarget "sdfUITests" */;
			buildPhases = (
				85946C391BE757790097A3F9 /* Sources */,
				85946C3A1BE757790097A3F9 /* Frameworks */,
				85946C3B1BE757790097A3F9 /* Resources */,
			);
			buildRules = (
			);
			dependencies = (
				85946C3F1BE757790097A3F9 /* PBXTargetDependency */,
			);
			name = sdfUITests;
			productName = sdfUITests;
			productReference = 85946C3D1BE757790097A3F9 /* sdfUITests.xctest */;
			productType = "com.apple.product-type.bundle.ui-testing";
		};
/* End PBXNativeTarget section */

/* Begin PBXProject section */
		85946C111BE757790097A3F9 /* Project object */ = {
			isa = PBXProject;
			attributes = {
				LastUpgradeCheck = 0700;
				ORGANIZATIONNAME = tarena;
				TargetAttributes = {
					85946C181BE757790097A3F9 = {
						CreatedOnToolsVersion = 7.0.1;
					};
					85946C311BE757790097A3F9 = {
						CreatedOnToolsVersion = 7.0.1;
						TestTargetID = 85946C181BE757790097A3F9;
					};
					85946C3C1BE757790097A3F9 = {
						CreatedOnToolsVersion = 7.0.1;
						TestTargetID = 85946C181BE757790097A3F9;
					};
				};
			};
			buildConfigurationList = 85946C141BE757790097A3F9 /* Build configuration list for PBXProject "sdf" */;
			compatibilityVersion = "Xcode 3.2";
			developmentRegion = English;
			hasScannedForEncodings = 0;
			knownRegions = (
				en,
				Base,
			);
			mainGroup = 85946C101BE757790097A3F9;
			productRefGroup = 85946C1A1BE757790097A3F9 /* Products */;
			projectDirPath = "";
			projectRoot = "";
			targets = (
				85946C181BE757790097A3F9 /* sdf */,
				85946C311BE757790097A3F9 /* sdfTests */,
				85946C3C1BE757790097A3F9 /* sdfUITests */,
			);
		};
/* End PBXProject section */

/* Begin PBXResourcesBuildPhase section */
		85946C171BE757790097A3F9 /* Resources */ = {
			isa = PBXResourcesBuildPhase;
			buildActionMask = 2147483647;
			files = (
				85946C2C1BE757790097A3F9 /* LaunchScreen.storyboard in Resources */,
				85946C291BE757790097A3F9 /* Assets.xcassets in Resources */,
				85946C271BE757790097A3F9 /* Main.storyboard in Resources */,
			);
			runOnlyForDeploymentPostprocessing = 0;
		};
		85946C301BE757790097A3F9 /* Resources */ = {
			isa = PBXResourcesBuildPhase;
			buildActionMask = 2147483647;
			files = (
			);
			runOnlyForDeploymentPostprocessing = 0;
		};
		85946C3B1BE757790097A3F9 /* Resources */ = {
			isa = PBXResourcesBuildPhase;
			buildActionMask = 2147483647;
			files = (
			);
			runOnlyForDeploymentPostprocessing = 0;
		};
/* End PBXResourcesBuildPhase section */

/* Begin PBXSourcesBuildPhase section */
		85946C151BE757790097A3F9 /* Sources */ = {
			isa = PBXSourcesBuildPhase;
			buildActionMask = 2147483647;
			files = (
				85946C241BE757790097A3F9 /* ViewController.m in Sources */,
				85946C211BE757790097A3F9 /* AppDelegate.m in Sources */,
				85946C1E1BE757790097A3F9 /* main.m in Sources */,
			);
			runOnlyForDeploymentPostprocessing = 0;
		};
		85946C2E1BE757790097A3F9 /* Sources */ = {
			isa = PBXSourcesBuildPhase;
			buildActionMask = 2147483647;
			files = (
				85946C371BE757790097A3F9 /* sdfTests.m in Sources */,
			);
			runOnlyForDeploymentPostprocessing = 0;
		};
		85946C391BE757790097A3F9 /* Sources */ = {
			isa = PBXSourcesBuildPhase;
			buildActionMask = 2147483647;
			files = (
				85946C421BE7577A0097A3F9 /* sdfUITests.m in Sources */,
			);
			runOnlyForDeploymentPostprocessing = 0;
		};
/* End PBXSourcesBuildPhase section */

/* Begin PBXTargetDependency section */
		85946C341BE757790097A3F9 /* PBXTargetDependency */ = {
			isa = PBXTargetDependency;
			target = 85946C181BE757790097A3F9 /* sdf */;
			targetProxy = 85946C331BE757790097A3F9 /* PBXContainerItemProxy */;
		};
		85946C3F1BE757790097A3F9 /* PBXTargetDependency */ = {
			isa = PBXTargetDependency;
			target = 85946C181BE757790097A3F9 /* sdf */;
			targetProxy = 85946C3E1BE757790097A3F9 /* PBXContainerItemProxy */;
		};
/* End PBXTargetDependency section */

/* Begin PBXVariantGroup section */
		85946C251BE757790097A3F9 /* Main.storyboard */ = {
			isa = PBXVariantGroup;
			children = (
				85946C261BE757790097A3F9 /* Base */,
			);
			name = Main.storyboard;
			sourceTree = "<group>";
		};
		85946C2A1BE757790097A3F9 /* LaunchScreen.storyboard */ = {
			isa = PBXVariantGroup;
			children = (
				85946C2B1BE757790097A3F9 /* Base */,
			);
			name = LaunchScreen.storyboard;
			sourceTree = "<group>";
		};
/* End PBXVariantGroup section */

/* Begin XCBuildConfiguration section */
		85946C441BE7577A0097A3F9 /* Debug */ = {
			isa = XCBuildConfiguration;
			buildSettings = {
				ALWAYS_SEARCH_USER_PATHS = NO;
				CLANG_CXX_LANGUAGE_STANDARD = "gnu++0x";
				CLANG_CXX_LIBRARY = "libc++";
				CLANG_ENABLE_MODULES = YES;
				CLANG_ENABLE_OBJC_ARC = YES;
				CLANG_WARN_BOOL_CONVERSION = YES;
				CLANG_WARN_CONSTANT_CONVERSION = YES;
				CLANG_WARN_DIRECT_OBJC_ISA_USAGE = YES_ERROR;
				CLANG_WARN_EMPTY_BODY = YES;
				CLANG_WARN_ENUM_CONVERSION = YES;
				CLANG_WARN_INT_CONVERSION = YES;
				CLANG_WARN_OBJC_ROOT_CLASS = YES_ERROR;
				CLANG_WARN_UNREACHABLE_CODE = YES;
				CLANG_WARN__DUPLICATE_METHOD_MATCH = YES;
				"CODE_SIGN_IDENTITY[sdk=iphoneos*]" = "iPhone Developer";
				COPY_PHASE_STRIP = NO;
				DEBUG_INFORMATION_FORMAT = dwarf;
				ENABLE_STRICT_OBJC_MSGSEND = YES;
				ENABLE_TESTABILITY = YES;
				GCC_C_LANGUAGE_STANDARD = gnu99;
				GCC_DYNAMIC_NO_PIC = NO;
				GCC_NO_COMMON_BLOCKS = YES;
				GCC_OPTIMIZATION_LEVEL = 0;
				GCC_PREPROCESSOR_DEFINITIONS = (
					"DEBUG=1",
					"$(inherited)",
				);
				GCC_WARN_64_TO_32_BIT_CONVERSION = YES;
				GCC_WARN_ABOUT_RETURN_TYPE = YES_ERROR;
				GCC_WARN_UNDECLARED_SELECTOR = YES;
				GCC_WARN_UNINITIALIZED_AUTOS = YES_AGGRESSIVE;
				GCC_WARN_UNUSED_FUNCTION = YES;
				GCC_WARN_UNUSED_VARIABLE = YES;
				IPHONEOS_DEPLOYMENT_TARGET = 9.0;
				MTL_ENABLE_DEBUG_INFO = YES;
				ONLY_ACTIVE_ARCH = YES;
				SDKROOT = iphoneos;
			};
			name = Debug;
		};
		85946C451BE7577A0097A3F9 /* Release */ = {
			isa = XCBuildConfiguration;
			buildSettings = {
				ALWAYS_SEARCH_USER_PATHS = NO;
				CLANG_CXX_LANGUAGE_STANDARD = "gnu++0x";
				CLANG_CXX_LIBRARY = "libc++";
				CLANG_ENABLE_MODULES = YES;
				CLANG_ENABLE_OBJC_ARC = YES;
				CLANG_WARN_BOOL_CONVERSION = YES;
				CLANG_WARN_CONSTANT_CONVERSION = YES;
				CLANG_WARN_DIRECT_OBJC_ISA_USAGE = YES_ERROR;
				CLANG_WARN_EMPTY_BODY = YES;
				CLANG_WARN_ENUM_CONVERSION = YES;
				CLANG_WARN_INT_CONVERSION = YES;
				CLANG_WARN_OBJC_ROOT_CLASS = YES_ERROR;
				CLANG_WARN_UNREACHABLE_CODE = YES;
				CLANG_WARN__DUPLICATE_METHOD_MATCH = YES;
				"CODE_SIGN_IDENTITY[sdk=iphoneos*]" = "iPhone Developer";
				COPY_PHASE_STRIP = NO;
				DEBUG_INFORMATION_FORMAT = "dwarf-with-dsym";
				ENABLE_NS_ASSERTIONS = NO;
				ENABLE_STRICT_OBJC_MSGSEND = YES;
				GCC_C_LANGUAGE_STANDARD = gnu99;
				GCC_NO_COMMON_BLOCKS = YES;
				GCC_WARN_64_TO_32_BIT_CONVERSION = YES;
				GCC_WARN_ABOUT_RETURN_TYPE = YES_ERROR;
				GCC_WARN_UNDECLARED_SELECTOR = YES;
				GCC_WARN_UNINITIALIZED_AUTOS = YES_AGGRESSIVE;
				GCC_WARN_UNUSED_FUNCTION = YES;
				GCC_WARN_UNUSED_VARIABLE = YES;
				IPHONEOS_DEPLOYMENT_TARGET = 9.0;
				MTL_ENABLE_DEBUG_INFO = NO;
				SDKROOT = iphoneos;
				VALIDATE_PRODUCT = YES;
			};
			name = Release;
		};
		85946C471BE7577A0097A3F9 /* Debug */ = {
			isa = XCBuildConfiguration;
			buildSettings = {
				ASSETCATALOG_COMPILER_APPICON_NAME = AppIcon;
				INFOPLIST_FILE = sdf/Info.plist;
				LD_RUNPATH_SEARCH_PATHS = "$(inherited) @executable_path/Frameworks";
				PRODUCT_BUNDLE_IDENTIFIER = com.tarena.sdf;
				PRODUCT_NAME = "$(TARGET_NAME)";
			};
			name = Debug;
		};
		85946C481BE7577A0097A3F9 /* Release */ = {
			isa = XCBuildConfiguration;
			buildSettings = {
				ASSETCATALOG_COMPILER_APPICON_NAME = AppIcon;
				INFOPLIST_FILE = sdf/Info.plist;
				LD_RUNPATH_SEARCH_PATHS = "$(inherited) @executable_path/Frameworks";
				PRODUCT_BUNDLE_IDENTIFIER = com.tarena.sdf;
				PRODUCT_NAME = "$(TARGET_NAME)";
			};
			name = Release;
		};
		85946C4A1BE7577A0097A3F9 /* Debug */ = {
			isa = XCBuildConfiguration;
			buildSettings = {
				BUNDLE_LOADER = "$(TEST_HOST)";
				INFOPLIST_FILE = sdfTests/Info.plist;
				LD_RUNPATH_SEARCH_PATHS = "$(inherited) @executable_path/Frameworks @loader_path/Frameworks";
				PRODUCT_BUNDLE_IDENTIFIER = com.tarena.sdfTests;
				PRODUCT_NAME = "$(TARGET_NAME)";
				TEST_HOST = "$(BUILT_PRODUCTS_DIR)/sdf.app/sdf";
			};
			name = Debug;
		};
		85946C4B1BE7577A0097A3F9 /* Release */ = {
			isa = XCBuildConfiguration;
			buildSettings = {
				BUNDLE_LOADER = "$(TEST_HOST)";
				INFOPLIST_FILE = sdfTests/Info.plist;
				LD_RUNPATH_SEARCH_PATHS = "$(inherited) @executable_path/Frameworks @loader_path/Frameworks";
				PRODUCT_BUNDLE_IDENTIFIER = com.tarena.sdfTests;
				PRODUCT_NAME = "$(TARGET_NAME)";
				TEST_HOST = "$(BUILT_PRODUCTS_DIR)/sdf.app/sdf";
			};
			name = Release;
		};
		85946C4D1BE7577A0097A3F9 /* Debug */ = {
			isa = XCBuildConfiguration;
			buildSettings = {
				INFOPLIST_FILE = sdfUITests/Info.plist;
				LD_RUNPATH_SEARCH_PATHS = "$(inherited) @executable_path/Frameworks @loader_path/Frameworks";
				PRODUCT_BUNDLE_IDENTIFIER = com.tarena.sdfUITests;
				PRODUCT_NAME = "$(TARGET_NAME)";
				TEST_TARGET_NAME = sdf;
				USES_XCTRUNNER = YES;
			};
			name = Debug;
		};
		85946C4E1BE7577A0097A3F9 /* Release */ = {
			isa = XCBuildConfiguration;
			buildSettings = {
				INFOPLIST_FILE = sdfUITests/Info.plist;
				LD_RUNPATH_SEARCH_PATHS = "$(inherited) @executable_path/Frameworks @loader_path/Frameworks";
				PRODUCT_BUNDLE_IDENTIFIER = com.tarena.sdfUITests;
				PRODUCT_NAME = "$(TARGET_NAME)";
				TEST_TARGET_NAME = sdf;
				USES_XCTRUNNER = YES;
			};
			name = Release;
		};
/* End XCBuildConfiguration section */

/* Begin XCConfigurationList section */
		85946C141BE757790097A3F9 /* Build configuration list for PBXProject "sdf" */ = {
			isa = XCConfigurationList;
			buildConfigurations = (
				85946C441BE7577A0097A3F9 /* Debug */,
				85946C451BE7577A0097A3F9 /* Release */,
			);
			defaultConfigurationIsVisible = 0;
			defaultConfigurationName = Release;
		};
		85946C461BE7577A0097A3F9 /* Build configuration list for PBXNativeTarget "sdf" */ = {
			isa = XCConfigurationList;
			buildConfigurations = (
				85946C471BE7577A0097A3F9 /* Debug */,
				85946C481BE7577A0097A3F9 /* Release */,
			);
			defaultConfigurationIsVisible = 0;
		};
		85946C491BE7577A0097A3F9 /* Build configuration list for PBXNativeTarget "sdfTests" */ = {
			isa = XCConfigurationList;
			buildConfigurations = (
				85946C4A1BE7577A0097A3F9 /* Debug */,
				85946C4B1BE7577A0097A3F9 /* Release */,
			);
			defaultConfigurationIsVisible = 0;
		};
		85946C4C1BE7577A0097A3F9 /* Build configuration list for PBXNativeTarget "sdfUITests" */ = {
			isa = XCConfigurationList;
			buildConfigurations = (
				85946C4D1BE7577A0097A3F9 /* Debug */,
				85946C4E1BE7577A0097A3F9 /* Release */,
			);
			defaultConfigurationIsVisible = 0;
		};
/* End XCConfigurationList section */
	};
	rootObject = 85946C111BE757790097A3F9 /* Project object */;
}
